
Microsoft Visual Studio Solution File, Format Version 12.00
# Visual Studio Version 17
VisualStudioVersion = 17.9.34902.65
MinimumVisualStudioVersion = 10.0.40219.1
Project("{FAE04EC0-301F-11D3-BF4B-00C04F79EFBC}") = "idz1Hotel", "idz1Hotel\idz1Hotel.csproj", "{90344C79-30BB-4D82-AEA6-914E68C93E13}"
EndProject
Global
	GlobalSection(SolutionConfigurationPlatforms) = preSolution
		Debug|Any CPU = Debug|Any CPU
		Release|Any CPU = Release|Any CPU
	EndGlobalSection
	GlobalSection(ProjectConfigurationPlatforms) = postSolution
		{90344C79-30BB-4D82-AEA6-914E68C93E13}.Debug|Any CPU.ActiveCfg = Debug|Any CPU
		{90344C79-30BB-4D82-AEA6-914E68C93E13}.Debug|Any CPU.Build.0 = Debug|Any CPU
		{90344C79-30BB-4D82-AEA6-914E68C93E13}.Release|Any CPU.ActiveCfg = Release|Any CPU
		{90344C79-30BB-4D82-AEA6-914E68C93E13}.Release|Any CPU.Build.0 = Release|Any CPU
	EndGlobalSection
	GlobalSection(SolutionProperties) = preSolution
		HideSolutionNode = FALSE
	EndGlobalSection
	GlobalSection(ExtensibilityGlobals) = postSolution
		SolutionGuid = {EE855124-BE70-406A-B755-FD585BCC4E2B}
	EndGlobalSection
EndGlobal
